
Microsoft Visual Studio Solution File, Format Version 12.00
# Visual Studio Version 16
VisualStudioVersion = 16.0.34407.143
MinimumVisualStudioVersion = 10.0.40219.1
Project("{9A19103F-16F7-4668-BE54-9A1E7A4F7556}") = "EasySaveConsole", "EasySavev1\EasySaveConsole.csproj", "{BFE23FBC-E429-43A6-A60C-C1135669C3A7}"
EndProject
Project("{9A19103F-16F7-4668-BE54-9A1E7A4F7556}") = "EasySaveV2", "EasySaveV2\EasySaveV2.csproj", "{26E136E2-F42C-416B-BADD-0D34E6F103F1}"
EndProject
Project("{2150E333-8FDC-42A3-9474-1A3956D46DE8}") = "Solution Items", "Solution Items", "{0E08C57F-984E-4842-9818-D37358A1B590}"
	ProjectSection(SolutionItems) = preProject
		.editorconfig = .editorconfig
	EndProjectSection
EndProject
Global
	GlobalSection(SolutionConfigurationPlatforms) = preSolution
		Debug|Any CPU = Debug|Any CPU
		Release|Any CPU = Release|Any CPU
	EndGlobalSection
	GlobalSection(ProjectConfigurationPlatforms) = postSolution
		{BFE23FBC-E429-43A6-A60C-C1135669C3A7}.Debug|Any CPU.ActiveCfg = Debug|Any CPU
		{BFE23FBC-E429-43A6-A60C-C1135669C3A7}.Debug|Any CPU.Build.0 = Debug|Any CPU
		{BFE23FBC-E429-43A6-A60C-C1135669C3A7}.Release|Any CPU.ActiveCfg = Release|Any CPU
		{BFE23FBC-E429-43A6-A60C-C1135669C3A7}.Release|Any CPU.Build.0 = Release|Any CPU
		{26E136E2-F42C-416B-BADD-0D34E6F103F1}.Debug|Any CPU.ActiveCfg = Debug|Any CPU
		{26E136E2-F42C-416B-BADD-0D34E6F103F1}.Debug|Any CPU.Build.0 = Debug|Any CPU
		{26E136E2-F42C-416B-BADD-0D34E6F103F1}.Release|Any CPU.ActiveCfg = Release|Any CPU
		{26E136E2-F42C-416B-BADD-0D34E6F103F1}.Release|Any CPU.Build.0 = Release|Any CPU
	EndGlobalSection
	GlobalSection(SolutionProperties) = preSolution
		HideSolutionNode = FALSE
	EndGlobalSection
	GlobalSection(ExtensibilityGlobals) = postSolution
		SolutionGuid = {DFB15CA8-A494-42FB-85A7-65FA92227192}
	EndGlobalSection
EndGlobal
